{
  "name": "project01nadr",
  "version": "1.0.0",
  "lockfileVersion": 1,
  "requires": true,
  "dependencies": {
    "@laylazi/bootstrap-rtl": {
      "version": "4.5.3-1",
      "resolved": "https://registry.npmjs.org/@laylazi/bootstrap-rtl/-/bootstrap-rtl-4.5.3-1.tgz",
      "integrity": "sha512-ka1CqAaS1Go1i2I7dwLxHnaGzUkkHBcLSyFips9t1zuQ56dNb2tZWTjUzjeVc3rLD9Ryb+BNb0yLHfmW5G0znQ=="
    },
    "@laylazi/bootstrap-rtl-scss": {
      "version": "4.5.3-1",
      "resolved": "https://registry.npmjs.org/@laylazi/bootstrap-rtl-scss/-/bootstrap-rtl-scss-4.5.3-1.tgz",
      "integrity": "sha512-mL/km+tE+qCcnPqWerA56dJNjYAbKPMQeR2CGYIO0SP6rKq4lgBiknRtqKLTRc/w80WQhctc55Kn7CvynXC0qg=="
    },
    "bootstrap": {
      "version": "4.5.3",
      "resolved": "https://registry.npmjs.org/bootstrap/-/bootstrap-4.5.3.tgz",
      "integrity": "sha512-o9ppKQioXGqhw8Z7mah6KdTYpNQY//tipnkxppWhPbiSWdD+1raYsnhwEZjkTHYbGee4cVQ0Rx65EhOY/HNLcQ=="
    },
    "jquery": {
      "version": "3.5.1",
      "resolved": "https://registry.npmjs.org/jquery/-/jquery-3.5.1.tgz",
      "integrity": "sha512-XwIBPqcMn57FxfT+Go5pzySnm4KWkT1Tv7gjrpT1srtf8Weynl6R273VJ5GjkRb51IzMp5nbaPjJXMWeju2MKg=="
    },
    "jquery-migrate": {
      "version": "1.2.1",
      "resolved": "https://registry.npmjs.org/jquery-migrate/-/jquery-migrate-1.2.1.tgz",
      "integrity": "sha1-4QVq2XD7ItUAni1Nd89wm3jwR2g="
    },
    "popper.js": {
      "version": "1.16.1",
      "resolved": "https://registry.npmjs.org/popper.js/-/popper.js-1.16.1.tgz",
      "integrity": "sha512-Wb4p1J4zyFTbM+u6WuO4XstYx4Ky9Cewe4DWrel7B0w6VVICvPwdOpotjzcf6eD8TsckVnIMNONQyPIUFOUbCQ=="
    },
    "slick-carousel": {
      "version": "1.8.1",
      "resolved": "https://registry.npmjs.org/slick-carousel/-/slick-carousel-1.8.1.tgz",
      "integrity": "sha512-XB9Ftrf2EEKfzoQXt3Nitrt/IPbT+f1fgqBdoxO3W/+JYvtEOW6EgxnWfr9GH6nmULv7Y2tPmEX3koxThVmebA=="
    },
    "tooltip.js": {
      "version": "1.3.3",
      "resolved": "https://registry.npmjs.org/tooltip.js/-/tooltip.js-1.3.3.tgz",
      "integrity": "sha512-XWWuy/dBdF/F/YpRE955yqBZ4VdLfiTAUdOqoU+wJm6phJlMpEzl/iYHZ+qJswbeT9VG822bNfsETF9wzmoy5A==",
      "requires": {
        "popper.js": "^1.0.2"
      }
    }
  }
}
